// !$*UTF8*$!
{
	archiveVersion = 1;
	classes = {
	};
	objectVersion = 51;
	objects = {

/* Begin PBXBuildFile section */
		0C38F61727F2471C00EB1D8F /* UIViewController.swift in Sources */ = {isa = PBXBuildFile; fileRef = 0C38F61627F2471C00EB1D8F /* UIViewController.swift */; };
		6AFDF3FD838CCC7FCFF70A0F /* Pods_Cocktails.framework in Frameworks */ = {isa = PBXBuildFile; fileRef = AF9192DD93EAD4F08FB56F69 /* Pods_Cocktails.framework */; };
		9F01C04427F2ED2200E4C921 /* CocktailsCollectionViewCell.swift in Sources */ = {isa = PBXBuildFile; fileRef = 9F01C04327F2ED2200E4C921 /* CocktailsCollectionViewCell.swift */; };
		9F39864627F43E9C0041977F /* LeftAlignedCollectionViewFlowLayout.swift in Sources */ = {isa = PBXBuildFile; fileRef = 9F39864527F43E9C0041977F /* LeftAlignedCollectionViewFlowLayout.swift */; };
		9F46E7A627F1F1750051D88B /* AppDelegate.swift in Sources */ = {isa = PBXBuildFile; fileRef = 9F46E7A527F1F1750051D88B /* AppDelegate.swift */; };
		9F46E7AA27F1F1750051D88B /* DrinksViewController.swift in Sources */ = {isa = PBXBuildFile; fileRef = 9F46E7A927F1F1750051D88B /* DrinksViewController.swift */; };
		9F46E7AF27F1F1790051D88B /* Assets.xcassets in Resources */ = {isa = PBXBuildFile; fileRef = 9F46E7AE27F1F1790051D88B /* Assets.xcassets */; };
		9F46E7B227F1F1790051D88B /* LaunchScreen.storyboard in Resources */ = {isa = PBXBuildFile; fileRef = 9F46E7B027F1F1790051D88B /* LaunchScreen.storyboard */; };
		9F887BA027F62A4B001A7F21 /* CocktailsViewModel.swift in Sources */ = {isa = PBXBuildFile; fileRef = 9F887B9F27F62A4B001A7F21 /* CocktailsViewModel.swift */; };
		9FFDDBFA27F1F7C30090F00B /* NetworkService.swift in Sources */ = {isa = PBXBuildFile; fileRef = 9FFDDBF927F1F7C30090F00B /* NetworkService.swift */; };
		9FFDDC0027F1FF090090F00B /* CocktailsModel.swift in Sources */ = {isa = PBXBuildFile; fileRef = 9FFDDBFF27F1FF090090F00B /* CocktailsModel.swift */; };
/* End PBXBuildFile section */

/* Begin PBXFileReference section */
		0C38F61627F2471C00EB1D8F /* UIViewController.swift */ = {isa = PBXFileReference; lastKnownFileType = sourcecode.swift; path = UIViewController.swift; sourceTree = "<group>"; };
		76B48FB87189CB63E56C10F6 /* Pods-Cocktails.release.xcconfig */ = {isa = PBXFileReference; includeInIndex = 1; lastKnownFileType = text.xcconfig; name = "Pods-Cocktails.release.xcconfig"; path = "Target Support Files/Pods-Cocktails/Pods-Cocktails.release.xcconfig"; sourceTree = "<group>"; };
		7760A773F99EFC75469765D5 /* Pods-Cocktails.debug.xcconfig */ = {isa = PBXFileReference; includeInIndex = 1; lastKnownFileType = text.xcconfig; name = "Pods-Cocktails.debug.xcconfig"; path = "Target Support Files/Pods-Cocktails/Pods-Cocktails.debug.xcconfig"; sourceTree = "<group>"; };
		9F01C04327F2ED2200E4C921 /* CocktailsCollectionViewCell.swift */ = {isa = PBXFileReference; lastKnownFileType = sourcecode.swift; path = CocktailsCollectionViewCell.swift; sourceTree = "<group>"; };
		9F39864527F43E9C0041977F /* LeftAlignedCollectionViewFlowLayout.swift */ = {isa = PBXFileReference; lastKnownFileType = sourcecode.swift; path = LeftAlignedCollectionViewFlowLayout.swift; sourceTree = "<group>"; };
		9F46E7A227F1F1750051D88B /* Cocktails.app */ = {isa = PBXFileReference; explicitFileType = wrapper.application; includeInIndex = 0; path = Cocktails.app; sourceTree = BUILT_PRODUCTS_DIR; };
		9F46E7A527F1F1750051D88B /* AppDelegate.swift */ = {isa = PBXFileReference; lastKnownFileType = sourcecode.swift; path = AppDelegate.swift; sourceTree = "<group>"; };
		9F46E7A927F1F1750051D88B /* DrinksViewController.swift */ = {isa = PBXFileReference; lastKnownFileType = sourcecode.swift; path = DrinksViewController.swift; sourceTree = "<group>"; };
		9F46E7AE27F1F1790051D88B /* Assets.xcassets */ = {isa = PBXFileReference; lastKnownFileType = folder.assetcatalog; path = Assets.xcassets; sourceTree = "<group>"; };
		9F46E7B127F1F1790051D88B /* Base */ = {isa = PBXFileReference; lastKnownFileType = file.storyboard; name = Base; path = Base.lproj/LaunchScreen.storyboard; sourceTree = "<group>"; };
		9F46E7B327F1F1790051D88B /* Info.plist */ = {isa = PBXFileReference; lastKnownFileType = text.plist.xml; path = Info.plist; sourceTree = "<group>"; };
		9F887B9F27F62A4B001A7F21 /* CocktailsViewModel.swift */ = {isa = PBXFileReference; lastKnownFileType = sourcecode.swift; path = CocktailsViewModel.swift; sourceTree = "<group>"; };
		9FFDDBF927F1F7C30090F00B /* NetworkService.swift */ = {isa = PBXFileReference; lastKnownFileType = sourcecode.swift; path = NetworkService.swift; sourceTree = "<group>"; };
		9FFDDBFF27F1FF090090F00B /* CocktailsModel.swift */ = {isa = PBXFileReference; lastKnownFileType = sourcecode.swift; path = CocktailsModel.swift; sourceTree = "<group>"; };
		AF9192DD93EAD4F08FB56F69 /* Pods_Cocktails.framework */ = {isa = PBXFileReference; explicitFileType = wrapper.framework; includeInIndex = 0; path = Pods_Cocktails.framework; sourceTree = BUILT_PRODUCTS_DIR; };
/* End PBXFileReference section */

/* Begin PBXFrameworksBuildPhase section */
		9F46E79F27F1F1750051D88B /* Frameworks */ = {
			isa = PBXFrameworksBuildPhase;
			buildActionMask = 2147483647;
			files = (
				6AFDF3FD838CCC7FCFF70A0F /* Pods_Cocktails.framework in Frameworks */,
			);
			runOnlyForDeploymentPostprocessing = 0;
		};
/* End PBXFrameworksBuildPhase section */

/* Begin PBXGroup section */
		0C38F61527F2470000EB1D8F /* Extension */ = {
			isa = PBXGroup;
			children = (
				0C38F61627F2471C00EB1D8F /* UIViewController.swift */,
			);
			path = Extension;
			sourceTree = "<group>";
		};
		0C6DD03927F2367B0021EE74 /* AppDelegate */ = {
			isa = PBXGroup;
			children = (
				9F46E7A527F1F1750051D88B /* AppDelegate.swift */,
			);
			path = AppDelegate;
			sourceTree = "<group>";
		};
		0C6DD03A27F236870021EE74 /* Controllers */ = {
			isa = PBXGroup;
			children = (
				0C6DD03B27F2369C0021EE74 /* Drinks */,
			);
			path = Controllers;
			sourceTree = "<group>";
		};
		0C6DD03B27F2369C0021EE74 /* Drinks */ = {
			isa = PBXGroup;
			children = (
				9F01C04627F305A600E4C921 /* Cells */,
				9F46E7A927F1F1750051D88B /* DrinksViewController.swift */,
			);
			path = Drinks;
			sourceTree = "<group>";
		};
		0C6DD03C27F236A80021EE74 /* NetworkService */ = {
			isa = PBXGroup;
			children = (
				9FFDDBF927F1F7C30090F00B /* NetworkService.swift */,
			);
			path = NetworkService;
			sourceTree = "<group>";
		};
		0C6DD03D27F236C00021EE74 /* Models */ = {
			isa = PBXGroup;
			children = (
				9FFDDBFF27F1FF090090F00B /* CocktailsModel.swift */,
				9F887B9F27F62A4B001A7F21 /* CocktailsViewModel.swift */,
			);
			path = Models;
			sourceTree = "<group>";
		};
		0C6DD03E27F236CD0021EE74 /* SupportFiles */ = {
			isa = PBXGroup;
			children = (
				9F46E7AE27F1F1790051D88B /* Assets.xcassets */,
				9F46E7B027F1F1790051D88B /* LaunchScreen.storyboard */,
			);
			path = SupportFiles;
			sourceTree = "<group>";
		};
		4EE87CAE177BF62379B082E3 /* Frameworks */ = {
			isa = PBXGroup;
			children = (
				AF9192DD93EAD4F08FB56F69 /* Pods_Cocktails.framework */,
			);
			name = Frameworks;
			sourceTree = "<group>";
		};
		9F01C04627F305A600E4C921 /* Cells */ = {
			isa = PBXGroup;
			children = (
				9F01C04327F2ED2200E4C921 /* CocktailsCollectionViewCell.swift */,
			);
			path = Cells;
			sourceTree = "<group>";
		};
		9F39864827F43EA30041977F /* Helper */ = {
			isa = PBXGroup;
			children = (
				9F39864527F43E9C0041977F /* LeftAlignedCollectionViewFlowLayout.swift */,
			);
			name = Helper;
			path = NetworkService;
			sourceTree = "<group>";
		};
		9F46E79927F1F1750051D88B = {
			isa = PBXGroup;
			children = (
				9F46E7A427F1F1750051D88B /* Cocktails */,
				9F46E7B327F1F1790051D88B /* Info.plist */,
				9F46E7A327F1F1750051D88B /* Products */,
				BB51B723B4350293AA21512D /* Pods */,
				4EE87CAE177BF62379B082E3 /* Frameworks */,
			);
			sourceTree = "<group>";
		};
		9F46E7A327F1F1750051D88B /* Products */ = {
			isa = PBXGroup;
			children = (
				9F46E7A227F1F1750051D88B /* Cocktails.app */,
			);
			name = Products;
			sourceTree = "<group>";
		};
		9F46E7A427F1F1750051D88B /* Cocktails */ = {
			isa = PBXGroup;
			children = (
				0C6DD03927F2367B0021EE74 /* AppDelegate */,
				0C6DD03A27F236870021EE74 /* Controllers */,
				9F39864827F43EA30041977F /* Helper */,
				0C6DD03C27F236A80021EE74 /* NetworkService */,
				0C6DD03D27F236C00021EE74 /* Models */,
				0C38F61527F2470000EB1D8F /* Extension */,
				0C6DD03E27F236CD0021EE74 /* SupportFiles */,
			);
			path = Cocktails;
			sourceTree = "<group>";
		};
		BB51B723B4350293AA21512D /* Pods */ = {
			isa = PBXGroup;
			children = (
				7760A773F99EFC75469765D5 /* Pods-Cocktails.debug.xcconfig */,
				76B48FB87189CB63E56C10F6 /* Pods-Cocktails.release.xcconfig */,
			);
			path = Pods;
			sourceTree = "<group>";
		};
/* End PBXGroup section */

/* Begin PBXNativeTarget section */
		9F46E7A127F1F1750051D88B /* Cocktails */ = {
			isa = PBXNativeTarget;
			buildConfigurationList = 9F46E7B627F1F1790051D88B /* Build configuration list for PBXNativeTarget "Cocktails" */;
			buildPhases = (
				C0E18A3E6DD34ECB5A342A91 /* [CP] Check Pods Manifest.lock */,
				9F46E79E27F1F1750051D88B /* Sources */,
				9F46E79F27F1F1750051D88B /* Frameworks */,
				9F46E7A027F1F1750051D88B /* Resources */,
				9DB0B7D5BF7E7C05FFECB35F /* [CP] Embed Pods Frameworks */,
			);
			buildRules = (
			);
			dependencies = (
			);
			name = Cocktails;
			productName = Cocktails;
			productReference = 9F46E7A227F1F1750051D88B /* Cocktails.app */;
			productType = "com.apple.product-type.application";
		};
/* End PBXNativeTarget section */

/* Begin PBXProject section */
		9F46E79A27F1F1750051D88B /* Project object */ = {
			isa = PBXProject;
			attributes = {
				LastSwiftUpdateCheck = 1240;
				LastUpgradeCheck = 1240;
				TargetAttributes = {
					9F46E7A127F1F1750051D88B = {
						CreatedOnToolsVersion = 12.4;
					};
				};
			};
			buildConfigurationList = 9F46E79D27F1F1750051D88B /* Build configuration list for PBXProject "Cocktails" */;
			compatibilityVersion = "Xcode 9.3";
			developmentRegion = en;
			hasScannedForEncodings = 0;
			knownRegions = (
				en,
				Base,
			);
			mainGroup = 9F46E79927F1F1750051D88B;
			productRefGroup = 9F46E7A327F1F1750051D88B /* Products */;
			projectDirPath = "";
			projectRoot = "";
			targets = (
				9F46E7A127F1F1750051D88B /* Cocktails */,
			);
		};
/* End PBXProject section */

/* Begin PBXResourcesBuildPhase section */
		9F46E7A027F1F1750051D88B /* Resources */ = {
			isa = PBXResourcesBuildPhase;
			buildActionMask = 2147483647;
			files = (
				9F46E7B227F1F1790051D88B /* LaunchScreen.storyboard in Resources */,
				9F46E7AF27F1F1790051D88B /* Assets.xcassets in Resources */,
			);
			runOnlyForDeploymentPostprocessing = 0;
		};
/* End PBXResourcesBuildPhase section */

/* Begin PBXShellScriptBuildPhase section */
		9DB0B7D5BF7E7C05FFECB35F /* [CP] Embed Pods Frameworks */ = {
			isa = PBXShellScriptBuildPhase;
			buildActionMask = 2147483647;
			files = (
			);
			inputFileListPaths = (
				"${PODS_ROOT}/Target Support Files/Pods-Cocktails/Pods-Cocktails-frameworks-${CONFIGURATION}-input-files.xcfilelist",
			);
			name = "[CP] Embed Pods Frameworks";
			outputFileListPaths = (
				"${PODS_ROOT}/Target Support Files/Pods-Cocktails/Pods-Cocktails-frameworks-${CONFIGURATION}-output-files.xcfilelist",
			);
			runOnlyForDeploymentPostprocessing = 0;
			shellPath = /bin/sh;
			shellScript = "\"${PODS_ROOT}/Target Support Files/Pods-Cocktails/Pods-Cocktails-frameworks.sh\"\n";
			showEnvVarsInLog = 0;
		};
		C0E18A3E6DD34ECB5A342A91 /* [CP] Check Pods Manifest.lock */ = {
			isa = PBXShellScriptBuildPhase;
			buildActionMask = 2147483647;
			files = (
			);
			inputFileListPaths = (
			);
			inputPaths = (
				"${PODS_PODFILE_DIR_PATH}/Podfile.lock",
				"${PODS_ROOT}/Manifest.lock",
			);
			name = "[CP] Check Pods Manifest.lock";
			outputFileListPaths = (
			);
			outputPaths = (
				"$(DERIVED_FILE_DIR)/Pods-Cocktails-checkManifestLockResult.txt",
			);
			runOnlyForDeploymentPostprocessing = 0;
			shellPath = /bin/sh;
			shellScript = "diff \"${PODS_PODFILE_DIR_PATH}/Podfile.lock\" \"${PODS_ROOT}/Manifest.lock\" > /dev/null\nif [ $? != 0 ] ; then\n    # print error to STDERR\n    echo \"error: The sandbox is not in sync with the Podfile.lock. Run 'pod install' or update your CocoaPods installation.\" >&2\n    exit 1\nfi\n# This output is used by Xcode 'outputs' to avoid re-running this script phase.\necho \"SUCCESS\" > \"${SCRIPT_OUTPUT_FILE_0}\"\n";
			showEnvVarsInLog = 0;
		};
/* End PBXShellScriptBuildPhase section */

/* Begin PBXSourcesBuildPhase section */
		9F46E79E27F1F1750051D88B /* Sources */ = {
			isa = PBXSourcesBuildPhase;
			buildActionMask = 2147483647;
			files = (
				9F46E7AA27F1F1750051D88B /* DrinksViewController.swift in Sources */,
				9FFDDC0027F1FF090090F00B /* CocktailsModel.swift in Sources */,
				9F46E7A627F1F1750051D88B /* AppDelegate.swift in Sources */,
				9F39864627F43E9C0041977F /* LeftAlignedCollectionViewFlowLayout.swift in Sources */,
				9F887BA027F62A4B001A7F21 /* CocktailsViewModel.swift in Sources */,
				9FFDDBFA27F1F7C30090F00B /* NetworkService.swift in Sources */,
				9F01C04427F2ED2200E4C921 /* CocktailsCollectionViewCell.swift in Sources */,
				0C38F61727F2471C00EB1D8F /* UIViewController.swift in Sources */,
			);
			runOnlyForDeploymentPostprocessing = 0;
		};
/* End PBXSourcesBuildPhase section */

/* Begin PBXVariantGroup section */
		9F46E7B027F1F1790051D88B /* LaunchScreen.storyboard */ = {
			isa = PBXVariantGroup;
			children = (
				9F46E7B127F1F1790051D88B /* Base */,
			);
			name = LaunchScreen.storyboard;
			sourceTree = "<group>";
		};
/* End PBXVariantGroup section */

/* Begin XCBuildConfiguration section */
		9F46E7B427F1F1790051D88B /* Debug */ = {
			isa = XCBuildConfiguration;
			buildSettings = {
				ALWAYS_SEARCH_USER_PATHS = NO;
				CLANG_ANALYZER_NONNULL = YES;
				CLANG_ANALYZER_NUMBER_OBJECT_CONVERSION = YES_AGGRESSIVE;
				CLANG_CXX_LANGUAGE_STANDARD = "gnu++14";
				CLANG_CXX_LIBRARY = "libc++";
				CLANG_ENABLE_MODULES = YES;
				CLANG_ENABLE_OBJC_ARC = YES;
				CLANG_ENABLE_OBJC_WEAK = YES;
				CLANG_WARN_BLOCK_CAPTURE_AUTORELEASING = YES;
				CLANG_WARN_BOOL_CONVERSION = YES;
				CLANG_WARN_COMMA = YES;
				CLANG_WARN_CONSTANT_CONVERSION = YES;
				CLANG_WARN_DEPRECATED_OBJC_IMPLEMENTATIONS = YES;
				CLANG_WARN_DIRECT_OBJC_ISA_USAGE = YES_ERROR;
				CLANG_WARN_DOCUMENTATION_COMMENTS = YES;
				CLANG_WARN_EMPTY_BODY = YES;
				CLANG_WARN_ENUM_CONVERSION = YES;
				CLANG_WARN_INFINITE_RECURSION = YES;
				CLANG_WARN_INT_CONVERSION = YES;
				CLANG_WARN_NON_LITERAL_NULL_CONVERSION = YES;
				CLANG_WARN_OBJC_IMPLICIT_RETAIN_SELF = YES;
				CLANG_WARN_OBJC_LITERAL_CONVERSION = YES;
				CLANG_WARN_OBJC_ROOT_CLASS = YES_ERROR;
				CLANG_WARN_QUOTED_INCLUDE_IN_FRAMEWORK_HEADER = YES;
				CLANG_WARN_RANGE_LOOP_ANALYSIS = YES;
				CLANG_WARN_STRICT_PROTOTYPES = YES;
				CLANG_WARN_SUSPICIOUS_MOVE = YES;
				CLANG_WARN_UNGUARDED_AVAILABILITY = YES_AGGRESSIVE;
				CLANG_WARN_UNREACHABLE_CODE = YES;
				CLANG_WARN__DUPLICATE_METHOD_MATCH = YES;
				COPY_PHASE_STRIP = NO;
				DEBUG_INFORMATION_FORMAT = dwarf;
				ENABLE_STRICT_OBJC_MSGSEND = YES;
				ENABLE_TESTABILITY = YES;
				GCC_C_LANGUAGE_STANDARD = gnu11;
				GCC_DYNAMIC_NO_PIC = NO;
				GCC_NO_COMMON_BLOCKS = YES;
				GCC_OPTIMIZATION_LEVEL = 0;
				GCC_PREPROCESSOR_DEFINITIONS = (
					"DEBUG=1",
					"$(inherited)",
				);
				GCC_WARN_64_TO_32_BIT_CONVERSION = YES;
				GCC_WARN_ABOUT_RETURN_TYPE = YES_ERROR;
				GCC_WARN_UNDECLARED_SELECTOR = YES;
				GCC_WARN_UNINITIALIZED_AUTOS = YES_AGGRESSIVE;
				GCC_WARN_UNUSED_FUNCTION = YES;
				GCC_WARN_UNUSED_VARIABLE = YES;
				IPHONEOS_DEPLOYMENT_TARGET = 14.4;
				MTL_ENABLE_DEBUG_INFO = INCLUDE_SOURCE;
				MTL_FAST_MATH = YES;
				ONLY_ACTIVE_ARCH = YES;
				SDKROOT = iphoneos;
				SWIFT_ACTIVE_COMPILATION_CONDITIONS = DEBUG;
				SWIFT_OPTIMIZATION_LEVEL = "-Onone";
			};
			name = Debug;
		};
		9F46E7B527F1F1790051D88B /* Release */ = {
			isa = XCBuildConfiguration;
			buildSettings = {
				ALWAYS_SEARCH_USER_PATHS = NO;
				CLANG_ANALYZER_NONNULL = YES;
				CLANG_ANALYZER_NUMBER_OBJECT_CONVERSION = YES_AGGRESSIVE;
				CLANG_CXX_LANGUAGE_STANDARD = "gnu++14";
				CLANG_CXX_LIBRARY = "libc++";
				CLANG_ENABLE_MODULES = YES;
				CLANG_ENABLE_OBJC_ARC = YES;
				CLANG_ENABLE_OBJC_WEAK = YES;
				CLANG_WARN_BLOCK_CAPTURE_AUTORELEASING = YES;
				CLANG_WARN_BOOL_CONVERSION = YES;
				CLANG_WARN_COMMA = YES;
				CLANG_WARN_CONSTANT_CONVERSION = YES;
				CLANG_WARN_DEPRECATED_OBJC_IMPLEMENTATIONS = YES;
				CLANG_WARN_DIRECT_OBJC_ISA_USAGE = YES_ERROR;
				CLANG_WARN_DOCUMENTATION_COMMENTS = YES;
				CLANG_WARN_EMPTY_BODY = YES;
				CLANG_WARN_ENUM_CONVERSION = YES;
				CLANG_WARN_INFINITE_RECURSION = YES;
				CLANG_WARN_INT_CONVERSION = YES;
				CLANG_WARN_NON_LITERAL_NULL_CONVERSION = YES;
				CLANG_WARN_OBJC_IMPLICIT_RETAIN_SELF = YES;
				CLANG_WARN_OBJC_LITERAL_CONVERSION = YES;
				CLANG_WARN_OBJC_ROOT_CLASS = YES_ERROR;
				CLANG_WARN_QUOTED_INCLUDE_IN_FRAMEWORK_HEADER = YES;
				CLANG_WARN_RANGE_LOOP_ANALYSIS = YES;
				CLANG_WARN_STRICT_PROTOTYPES = YES;
				CLANG_WARN_SUSPICIOUS_MOVE = YES;
				CLANG_WARN_UNGUARDED_AVAILABILITY = YES_AGGRESSIVE;
				CLANG_WARN_UNREACHABLE_CODE = YES;
				CLANG_WARN__DUPLICATE_METHOD_MATCH = YES;
				COPY_PHASE_STRIP = NO;
				DEBUG_INFORMATION_FORMAT = "dwarf-with-dsym";
				ENABLE_NS_ASSERTIONS = NO;
				ENABLE_STRICT_OBJC_MSGSEND = YES;
				GCC_C_LANGUAGE_STANDARD = gnu11;
				GCC_NO_COMMON_BLOCKS = YES;
				GCC_WARN_64_TO_32_BIT_CONVERSION = YES;
				GCC_WARN_ABOUT_RETURN_TYPE = YES_ERROR;
				GCC_WARN_UNDECLARED_SELECTOR = YES;
				GCC_WARN_UNINITIALIZED_AUTOS = YES_AGGRESSIVE;
				GCC_WARN_UNUSED_FUNCTION = YES;
				GCC_WARN_UNUSED_VARIABLE = YES;
				IPHONEOS_DEPLOYMENT_TARGET = 14.4;
				MTL_ENABLE_DEBUG_INFO = NO;
				MTL_FAST_MATH = YES;
				SDKROOT = iphoneos;
				SWIFT_COMPILATION_MODE = wholemodule;
				SWIFT_OPTIMIZATION_LEVEL = "-O";
				VALIDATE_PRODUCT = YES;
			};
			name = Release;
		};
		9F46E7B727F1F1790051D88B /* Debug */ = {
			isa = XCBuildConfiguration;
			baseConfigurationReference = 7760A773F99EFC75469765D5 /* Pods-Cocktails.debug.xcconfig */;
			buildSettings = {
				ASSETCATALOG_COMPILER_APPICON_NAME = AppIcon;
				ASSETCATALOG_COMPILER_GLOBAL_ACCENT_COLOR_NAME = AccentColor;
				CODE_SIGN_STYLE = Automatic;
				DEVELOPMENT_TEAM = X8KHXL86W5;
				INFOPLIST_FILE = Cocktails/Info.plist;
				LD_RUNPATH_SEARCH_PATHS = (
					"$(inherited)",
					"@executable_path/Frameworks",
				);
				PRODUCT_BUNDLE_IDENTIFIER = ru.Cocktails;
				PRODUCT_NAME = "$(TARGET_NAME)";
				SWIFT_VERSION = 5.0;
				TARGETED_DEVICE_FAMILY = 1;
			};
			name = Debug;
		};
		9F46E7B827F1F1790051D88B /* Release */ = {
			isa = XCBuildConfiguration;
			baseConfigurationReference = 76B48FB87189CB63E56C10F6 /* Pods-Cocktails.release.xcconfig */;
			buildSettings = {
				ASSETCATALOG_COMPILER_APPICON_NAME = AppIcon;
				ASSETCATALOG_COMPILER_GLOBAL_ACCENT_COLOR_NAME = AccentColor;
				CODE_SIGN_STYLE = Automatic;
				DEVELOPMENT_TEAM = X8KHXL86W5;
				INFOPLIST_FILE = Cocktails/Info.plist;
				LD_RUNPATH_SEARCH_PATHS = (
					"$(inherited)",
					"@executable_path/Frameworks",
				);
				PRODUCT_BUNDLE_IDENTIFIER = ru.Cocktails;
				PRODUCT_NAME = "$(TARGET_NAME)";
				SWIFT_VERSION = 5.0;
				TARGETED_DEVICE_FAMILY = 1;
			};
			name = Release;
		};
/* End XCBuildConfiguration section */

/* Begin XCConfigurationList section */
		9F46E79D27F1F1750051D88B /* Build configuration list for PBXProject "Cocktails" */ = {
			isa = XCConfigurationList;
			buildConfigurations = (
				9F46E7B427F1F1790051D88B /* Debug */,
				9F46E7B527F1F1790051D88B /* Release */,
			);
			defaultConfigurationIsVisible = 0;
			defaultConfigurationName = Release;
		};
		9F46E7B627F1F1790051D88B /* Build configuration list for PBXNativeTarget "Cocktails" */ = {
			isa = XCConfigurationList;
			buildConfigurations = (
				9F46E7B727F1F1790051D88B /* Debug */,
				9F46E7B827F1F1790051D88B /* Release */,
			);
			defaultConfigurationIsVisible = 0;
			defaultConfigurationName = Release;
		};
/* End XCConfigurationList section */
	};
	rootObject = 9F46E79A27F1F1750051D88B /* Project object */;
}
